<?xml version="1.0" encoding="utf-8"?>
<Project ToolsVersion="4.0" xmlns="http://schemas.microsoft.com/developer/msbuild/2003">
  <ItemGroup>
    <Filter Include="Source Files">
      <UniqueIdentifier>{4FC737F1-C7A5-4376-A066-2A32D752A2FF}</UniqueIdentifier>
      <Extensions>cpp;c;cc;cxx;c++;cppm;ixx;def;odl;idl;hpj;bat;asm;asmx</Extensions>
    </Filter>
    <Filter Include="Header Files">
      <UniqueIdentifier>{93995380-89BD-4b04-88EB-625FBE52EBFB}</UniqueIdentifier>
      <Extensions>h;hh;hpp;hxx;h++;hm;inl;inc;ipp;xsd</Extensions>
    </Filter>
    <Filter Include="Resource Files">
      <UniqueIdentifier>{67DA6AB6-F800-4c08-8B7A-83BB121AAD01}</UniqueIdentifier>
      <Extensions>rc;ico;cur;bmp;dlg;rc2;rct;bin;rgs;gif;jpg;jpeg;jpe;resx;tiff;tif;png;wav;mfcribbon-ms</Extensions>
    </Filter>
  </ItemGroup>
  <ItemGroup>
    <ClCompile Include="Messaging\SignalingMessages.cpp">
      <Filter>Source Files</Filter>
    </ClCompile>
    <ClCompile Include="Infrastructure\RtcLogger.cpp">
      <Filter>Source Files</Filter>
    </ClCompile>
    <ClCompile Include="Messaging\WebSocketClient.cpp">
      <Filter>Source Files</Filter>
    </ClCompile>
    <ClCompile Include="warpr_includes.cpp">
      <Filter>Source Files</Filter>
    </ClCompile>
    <ClCompile Include="Core\WarpConfiguration.cpp">
      <Filter>Source Files</Filter>
    </ClCompile>
    <ClCompile Include="Core\WarpDrive.cpp">
      <Filter>Source Files</Filter>
    </ClCompile>
    <ClCompile Include="Messaging\WebRtcClient.cpp">
      <Filter>Source Files</Filter>
    </ClCompile>
    <ClCompile Include="Capture\WindowSource.cpp">
      <Filter>Source Files</Filter>
    </ClCompile>
    <ClCompile Include="Capture\FrameSource.cpp">
      <Filter>Source Files</Filter>
    </ClCompile>
    <ClCompile Include="Encoder\VideoEncoder.cpp">
      <Filter>Source Files</Filter>
    </ClCompile>
    <ClCompile Include="Graphics\GraphicsDevice.cpp">
      <Filter>Source Files</Filter>
    </ClCompile>
    <ClCompile Include="Encoder\VideoPreprocessor.cpp">
      <Filter>Source Files</Filter>
    </ClCompile>
    <ClCompile Include="Capture\FrameProvider.cpp">
      <Filter>Source Files</Filter>
    </ClCompile>
    <ClCompile Include="Core\WarpSession.cpp">
      <Filter>Source Files</Filter>
    </ClCompile>
    <ClCompile Include="Messaging\StreamingMessages.cpp">
      <Filter>Source Files</Filter>
    </ClCompile>
    <ClCompile Include="Messaging\StreamConnection.cpp">
      <Filter>Source Files</Filter>
    </ClCompile>
    <ClCompile Include="Capture\WindowLocator.cpp">
      <Filter>Source Files</Filter>
    </ClCompile>
    <ClCompile Include="Capture\FrameSourceFactory.cpp">
      <Filter>Source Files</Filter>
    </ClCompile>
    <ClCompile Include="Input\InputSink.cpp">
      <Filter>Source Files</Filter>
    </ClCompile>
    <ClCompile Include="Input\InputSinkFactory.cpp">
      <Filter>Source Files</Filter>
    </ClCompile>
    <ClCompile Include="Input\InputProvider.cpp">
      <Filter>Source Files</Filter>
    </ClCompile>
    <ClCompile Include="Messaging\MessageAssembler.cpp">
      <Filter>Source Files</Filter>
    </ClCompile>
    <ClCompile Include="Messaging\MessageSplitter.cpp">
      <Filter>Source Files</Filter>
    </ClCompile>
    <ClCompile Include="Messaging\FragmentedMessageHeader.cpp">
      <Filter>Source Files</Filter>
    </ClCompile>
  </ItemGroup>
  <ItemGroup>
    <None Include="packages.config" />
    <None Include="Warpr.WarpDrive.nuspec" />
    <None Include="Warpr.WarpDrive.targets" />
  </ItemGroup>
  <ItemGroup>
    <ClInclude Include="Messaging\WebSocketClient.h">
      <Filter>Header Files</Filter>
    </ClInclude>
    <ClInclude Include="Messaging\SignalingMessages.h">
      <Filter>Header Files</Filter>
    </ClInclude>
    <ClInclude Include="Infrastructure\RtcLogger.h">
      <Filter>Header Files</Filter>
    </ClInclude>
    <ClInclude Include="warpr_includes.h">
      <Filter>Header Files</Filter>
    </ClInclude>
    <ClInclude Include="Core\WarpConfiguration.h">
      <Filter>Header Files</Filter>
    </ClInclude>
    <ClInclude Include="Core\WarpDrive.h">
      <Filter>Header Files</Filter>
    </ClInclude>
    <ClInclude Include="Messaging\WebRtcClient.h">
      <Filter>Header Files</Filter>
    </ClInclude>
    <ClInclude Include="Capture\WindowSource.h">
      <Filter>Header Files</Filter>
    </ClInclude>
    <ClInclude Include="Capture\FrameSource.h">
      <Filter>Header Files</Filter>
    </ClInclude>
    <ClInclude Include="Encoder\VideoEncoder.h">
      <Filter>Header Files</Filter>
    </ClInclude>
    <ClInclude Include="Graphics\GraphicsDevice.h">
      <Filter>Header Files</Filter>
    </ClInclude>
    <ClInclude Include="Encoder\VideoPreprocessor.h">
      <Filter>Header Files</Filter>
    </ClInclude>
    <ClInclude Include="Capture\FrameProvider.h">
      <Filter>Header Files</Filter>
    </ClInclude>
    <ClInclude Include="Core\WarpSession.h">
      <Filter>Header Files</Filter>
    </ClInclude>
    <ClInclude Include="Messaging\StreamingMessages.h">
      <Filter>Header Files</Filter>
    </ClInclude>
    <ClInclude Include="Messaging\StreamConnection.h">
      <Filter>Header Files</Filter>
    </ClInclude>
    <ClInclude Include="Include\WarpDrive.h">
      <Filter>Header Files</Filter>
    </ClInclude>
    <ClInclude Include="Capture\WindowLocator.h">
      <Filter>Header Files</Filter>
    </ClInclude>
    <ClInclude Include="Capture\FrameSourceFactory.h">
      <Filter>Header Files</Filter>
    </ClInclude>
    <ClInclude Include="Input\InputSink.h">
      <Filter>Header Files</Filter>
    </ClInclude>
    <ClInclude Include="Input\PointerInput.h">
      <Filter>Header Files</Filter>
    </ClInclude>
    <ClInclude Include="Input\InputSinkFactory.h">
      <Filter>Header Files</Filter>
    </ClInclude>
    <ClInclude Include="Input\InputProvider.h">
      <Filter>Header Files</Filter>
    </ClInclude>
    <ClInclude Include="Messaging\MessageAssembler.h">
      <Filter>Header Files</Filter>
    </ClInclude>
    <ClInclude Include="Messaging\MessageSplitter.h">
      <Filter>Header Files</Filter>
    </ClInclude>
    <ClInclude Include="Messaging\FragmentedMessageHeader.h">
      <Filter>Header Files</Filter>
    </ClInclude>
  </ItemGroup>
</Project>